
Microsoft Visual Studio Solution File, Format Version 12.00
# Visual Studio Version 17
VisualStudioVersion = 17.3.32721.290
MinimumVisualStudioVersion = 10.0.40219.1
Project("{FAE04EC0-301F-11D3-BF4B-00C04F79EFBC}") = "GenericMath", "GenericMath\GenericMath.csproj", "{47094FF9-1B18-47BE-BF14-FD560DE30576}"
EndProject
Global
	GlobalSection(SolutionConfigurationPlatforms) = preSolution
		Debug|Any CPU = Debug|Any CPU
		Release|Any CPU = Release|Any CPU
	EndGlobalSection
	GlobalSection(ProjectConfigurationPlatforms) = postSolution
		{47094FF9-1B18-47BE-BF14-FD560DE30576}.Debug|Any CPU.ActiveCfg = Debug|Any CPU
		{47094FF9-1B18-47BE-BF14-FD560DE30576}.Debug|Any CPU.Build.0 = Debug|Any CPU
		{47094FF9-1B18-47BE-BF14-FD560DE30576}.Release|Any CPU.ActiveCfg = Release|Any CPU
		{47094FF9-1B18-47BE-BF14-FD560DE30576}.Release|Any CPU.Build.0 = Release|Any CPU
	EndGlobalSection
	GlobalSection(SolutionProperties) = preSolution
		HideSolutionNode = FALSE
	EndGlobalSection
	GlobalSection(ExtensibilityGlobals) = postSolution
		SolutionGuid = {ADCC1DA8-0401-48F8-A8B7-8EA3AD2A2C69}
	EndGlobalSection
EndGlobal
