
Microsoft Visual Studio Solution File, Format Version 12.00
# Visual Studio Version 17
VisualStudioVersion = 17.3.32505.426
MinimumVisualStudioVersion = 10.0.40219.1
Project("{FAE04EC0-301F-11D3-BF4B-00C04F79EFBC}") = "RawStringLiterals", "RawStringLiterals\RawStringLiterals.csproj", "{2CF61CDE-D41E-442E-85B6-B91386D0A876}"
EndProject
Global
	GlobalSection(SolutionConfigurationPlatforms) = preSolution
		Debug|Any CPU = Debug|Any CPU
		Release|Any CPU = Release|Any CPU
	EndGlobalSection
	GlobalSection(ProjectConfigurationPlatforms) = postSolution
		{2CF61CDE-D41E-442E-85B6-B91386D0A876}.Debug|Any CPU.ActiveCfg = Debug|Any CPU
		{2CF61CDE-D41E-442E-85B6-B91386D0A876}.Debug|Any CPU.Build.0 = Debug|Any CPU
		{2CF61CDE-D41E-442E-85B6-B91386D0A876}.Release|Any CPU.ActiveCfg = Release|Any CPU
		{2CF61CDE-D41E-442E-85B6-B91386D0A876}.Release|Any CPU.Build.0 = Release|Any CPU
	EndGlobalSection
	GlobalSection(SolutionProperties) = preSolution
		HideSolutionNode = FALSE
	EndGlobalSection
	GlobalSection(ExtensibilityGlobals) = postSolution
		SolutionGuid = {A11E369C-D9B6-47E7-B077-2DA8FE4AEC43}
	EndGlobalSection
EndGlobal
