
Microsoft Visual Studio Solution File, Format Version 12.00
# Visual Studio Version 17
VisualStudioVersion = 17.3.32505.426
MinimumVisualStudioVersion = 10.0.40219.1
Project("{FAE04EC0-301F-11D3-BF4B-00C04F79EFBC}") = "NewlinesInStringInterpolations", "NewlinesInStringInterpolations\NewlinesInStringInterpolations.csproj", "{F8DCCD9A-5ABE-4193-8702-71B678C42473}"
EndProject
Global
	GlobalSection(SolutionConfigurationPlatforms) = preSolution
		Debug|Any CPU = Debug|Any CPU
		Release|Any CPU = Release|Any CPU
	EndGlobalSection
	GlobalSection(ProjectConfigurationPlatforms) = postSolution
		{F8DCCD9A-5ABE-4193-8702-71B678C42473}.Debug|Any CPU.ActiveCfg = Debug|Any CPU
		{F8DCCD9A-5ABE-4193-8702-71B678C42473}.Debug|Any CPU.Build.0 = Debug|Any CPU
		{F8DCCD9A-5ABE-4193-8702-71B678C42473}.Release|Any CPU.ActiveCfg = Release|Any CPU
		{F8DCCD9A-5ABE-4193-8702-71B678C42473}.Release|Any CPU.Build.0 = Release|Any CPU
	EndGlobalSection
	GlobalSection(SolutionProperties) = preSolution
		HideSolutionNode = FALSE
	EndGlobalSection
	GlobalSection(ExtensibilityGlobals) = postSolution
		SolutionGuid = {0CCEAED3-20B1-46F5-896D-A4BC993BA6C8}
	EndGlobalSection
EndGlobal
