
Microsoft Visual Studio Solution File, Format Version 12.00
# Visual Studio Version 17
VisualStudioVersion = 17.3.32721.290
MinimumVisualStudioVersion = 10.0.40219.1
Project("{FAE04EC0-301F-11D3-BF4B-00C04F79EFBC}") = "UnsignedRightShiftOperator", "UnsignedRightShiftOperator\UnsignedRightShiftOperator.csproj", "{0554FCFC-455F-4F90-B53E-2E36D56E37E2}"
EndProject
Global
	GlobalSection(SolutionConfigurationPlatforms) = preSolution
		Debug|Any CPU = Debug|Any CPU
		Release|Any CPU = Release|Any CPU
	EndGlobalSection
	GlobalSection(ProjectConfigurationPlatforms) = postSolution
		{0554FCFC-455F-4F90-B53E-2E36D56E37E2}.Debug|Any CPU.ActiveCfg = Debug|Any CPU
		{0554FCFC-455F-4F90-B53E-2E36D56E37E2}.Debug|Any CPU.Build.0 = Debug|Any CPU
		{0554FCFC-455F-4F90-B53E-2E36D56E37E2}.Release|Any CPU.ActiveCfg = Release|Any CPU
		{0554FCFC-455F-4F90-B53E-2E36D56E37E2}.Release|Any CPU.Build.0 = Release|Any CPU
	EndGlobalSection
	GlobalSection(SolutionProperties) = preSolution
		HideSolutionNode = FALSE
	EndGlobalSection
	GlobalSection(ExtensibilityGlobals) = postSolution
		SolutionGuid = {8DB2E30C-3E46-4EED-BE27-9F0301913C2D}
	EndGlobalSection
EndGlobal
